{
  "name": "testBalloon-framework-shared",
  "version": "1.2.0-RC",
  "lockfileVersion": 3,
  "requires": true,
  "packages": {
    "": {
      "name": "testBalloon-framework-shared",
      "version": "1.2.0-RC",
      "workspaces": [
        "packages/testBalloon-framework-shared",
        "packages/testBalloon-framework-shared-test"
      ],
      "devDependencies": {}
    },
    "node_modules/testBalloon-framework-shared": {
      "resolved": "packages/testBalloon-framework-shared",
      "link": true
    },
    "node_modules/testBalloon-framework-shared-test": {
      "resolved": "packages/testBalloon-framework-shared-test",
      "link": true
    },
    "packages/testBalloon-framework-shared": {
      "version": "1.2.0-RC",
      "devDependencies": {}
    },
    "packages/testBalloon-framework-shared-test": {
      "version": "1.2.0-RC",
      "devDependencies": {}
    }
  }
}
