{
  "name": "testBalloon",
  "version": "0.8.3-dev1-K2.3.20-Beta1",
  "lockfileVersion": 3,
  "requires": true,
  "packages": {
    "": {
      "name": "testBalloon",
      "version": "0.8.3-dev1-K2.3.20-Beta1",
      "workspaces": [
        "packages/testBalloon-testBalloon-framework-core",
        "packages/testBalloon-testBalloon-framework-core-test",
        "packages/testBalloon-testBalloon-framework-shared",
        "packages/testBalloon-testBalloon-framework-shared-test",
        "packages/testBalloon-testBalloon-integration-blocking-detection",
        "packages/testBalloon-testBalloon-integration-blocking-detection-test",
        "packages/testBalloon-testBalloon-integration-kotest-assertions",
        "packages/testBalloon-testBalloon-integration-kotest-assertions-test",
        "packages/testBalloon-examples-general",
        "packages/testBalloon-examples-general-test",
        "packages/testBalloon-examples-with-kotest-assertions",
        "packages/testBalloon-examples-with-kotest-assertions-test",
        "packages/testBalloon-examples-with-parameterize",
        "packages/testBalloon-examples-with-parameterize-test",
        "packages_imported/Kotlin-DateTime-library-kotlinx-datetime-wasm-js/0.7.1"
      ],
      "devDependencies": {}
    },
    "node_modules/@js-joda/core": {
      "version": "3.2.0",
      "resolved": "https://registry.npmjs.org/@js-joda/core/-/core-3.2.0.tgz",
      "integrity": "sha512-PMqgJ0sw5B7FKb2d5bWYIoxjri+QlW/Pys7+Rw82jSH0QN3rB05jZ/VrrsUdh1w4+i2kw9JOejXGq/KhDOX7Kg==",
      "license": "BSD-3-Clause"
    },
    "node_modules/Kotlin-DateTime-library-kotlinx-datetime-wasm-js": {
      "resolved": "packages_imported/Kotlin-DateTime-library-kotlinx-datetime-wasm-js/0.7.1",
      "link": true
    },
    "node_modules/testBalloon-examples-general": {
      "resolved": "packages/testBalloon-examples-general",
      "link": true
    },
    "node_modules/testBalloon-examples-general-test": {
      "resolved": "packages/testBalloon-examples-general-test",
      "link": true
    },
    "node_modules/testBalloon-examples-with-kotest-assertions": {
      "resolved": "packages/testBalloon-examples-with-kotest-assertions",
      "link": true
    },
    "node_modules/testBalloon-examples-with-kotest-assertions-test": {
      "resolved": "packages/testBalloon-examples-with-kotest-assertions-test",
      "link": true
    },
    "node_modules/testBalloon-examples-with-parameterize": {
      "resolved": "packages/testBalloon-examples-with-parameterize",
      "link": true
    },
    "node_modules/testBalloon-examples-with-parameterize-test": {
      "resolved": "packages/testBalloon-examples-with-parameterize-test",
      "link": true
    },
    "node_modules/testBalloon-testBalloon-framework-core": {
      "resolved": "packages/testBalloon-testBalloon-framework-core",
      "link": true
    },
    "node_modules/testBalloon-testBalloon-framework-core-test": {
      "resolved": "packages/testBalloon-testBalloon-framework-core-test",
      "link": true
    },
    "node_modules/testBalloon-testBalloon-framework-shared": {
      "resolved": "packages/testBalloon-testBalloon-framework-shared",
      "link": true
    },
    "node_modules/testBalloon-testBalloon-framework-shared-test": {
      "resolved": "packages/testBalloon-testBalloon-framework-shared-test",
      "link": true
    },
    "node_modules/testBalloon-testBalloon-integration-blocking-detection": {
      "resolved": "packages/testBalloon-testBalloon-integration-blocking-detection",
      "link": true
    },
    "node_modules/testBalloon-testBalloon-integration-blocking-detection-test": {
      "resolved": "packages/testBalloon-testBalloon-integration-blocking-detection-test",
      "link": true
    },
    "node_modules/testBalloon-testBalloon-integration-kotest-assertions": {
      "resolved": "packages/testBalloon-testBalloon-integration-kotest-assertions",
      "link": true
    },
    "node_modules/testBalloon-testBalloon-integration-kotest-assertions-test": {
      "resolved": "packages/testBalloon-testBalloon-integration-kotest-assertions-test",
      "link": true
    },
    "packages_imported/Kotlin-DateTime-library-kotlinx-datetime-wasm-js/0.7.1": {
      "name": "Kotlin-DateTime-library-kotlinx-datetime-wasm-js",
      "version": "0.7.1",
      "dependencies": {
        "@js-joda/core": "3.2.0"
      },
      "devDependencies": {}
    },
    "packages/testBalloon-examples-general": {
      "version": "0.8.3-dev1-K2.3.20-Beta1",
      "devDependencies": {}
    },
    "packages/testBalloon-examples-general-test": {
      "version": "0.8.3-dev1-K2.3.20-Beta1",
      "dependencies": {
        "@js-joda/core": "3.2.0"
      },
      "devDependencies": {}
    },
    "packages/testBalloon-examples-with-kotest-assertions": {
      "version": "0.8.3-dev1-K2.3.20-Beta1",
      "devDependencies": {}
    },
    "packages/testBalloon-examples-with-kotest-assertions-test": {
      "version": "0.8.3-dev1-K2.3.20-Beta1",
      "dependencies": {
        "@js-joda/core": "3.2.0"
      },
      "devDependencies": {}
    },
    "packages/testBalloon-examples-with-parameterize": {
      "version": "0.8.3-dev1-K2.3.20-Beta1",
      "devDependencies": {}
    },
    "packages/testBalloon-examples-with-parameterize-test": {
      "version": "0.8.3-dev1-K2.3.20-Beta1",
      "dependencies": {
        "@js-joda/core": "3.2.0"
      },
      "devDependencies": {}
    },
    "packages/testBalloon-testBalloon-framework-core": {
      "version": "0.8.3-dev1-K2.3.20-Beta1",
      "dependencies": {
        "@js-joda/core": "3.2.0"
      },
      "devDependencies": {}
    },
    "packages/testBalloon-testBalloon-framework-core-test": {
      "version": "0.8.3-dev1-K2.3.20-Beta1",
      "dependencies": {
        "@js-joda/core": "3.2.0"
      },
      "devDependencies": {}
    },
    "packages/testBalloon-testBalloon-framework-shared": {
      "version": "0.8.3-dev1-K2.3.20-Beta1",
      "devDependencies": {}
    },
    "packages/testBalloon-testBalloon-framework-shared-test": {
      "version": "0.8.3-dev1-K2.3.20-Beta1",
      "devDependencies": {}
    },
    "packages/testBalloon-testBalloon-integration-blocking-detection": {
      "version": "0.8.3-dev1-K2.3.20-Beta1",
      "dependencies": {
        "@js-joda/core": "3.2.0"
      },
      "devDependencies": {}
    },
    "packages/testBalloon-testBalloon-integration-blocking-detection-test": {
      "version": "0.8.3-dev1-K2.3.20-Beta1",
      "dependencies": {
        "@js-joda/core": "3.2.0"
      },
      "devDependencies": {}
    },
    "packages/testBalloon-testBalloon-integration-kotest-assertions": {
      "version": "0.8.3-dev1-K2.3.20-Beta1",
      "dependencies": {
        "@js-joda/core": "3.2.0"
      },
      "devDependencies": {}
    },
    "packages/testBalloon-testBalloon-integration-kotest-assertions-test": {
      "version": "0.8.3-dev1-K2.3.20-Beta1",
      "dependencies": {
        "@js-joda/core": "3.2.0"
      },
      "devDependencies": {}
    }
  }
}
